
Microsoft Visual Studio Solution File, Format Version 12.00
# Visual Studio Version 17
VisualStudioVersion = 17.9.34607.119
MinimumVisualStudioVersion = 10.0.40219.1
Project("{FAE04EC0-301F-11D3-BF4B-00C04F79EFBC}") = "TakeawayCoffeeOrders-OrderingProgram", "TakeawayCoffeeOrders-OrderingProgram\TakeawayCoffeeOrders-OrderingProgram.csproj", "{19CF398C-8AE6-4DFE-A8A2-252764752939}"
EndProject
Global
	GlobalSection(SolutionConfigurationPlatforms) = preSolution
		Debug|Any CPU = Debug|Any CPU
		Release|Any CPU = Release|Any CPU
	EndGlobalSection
	GlobalSection(ProjectConfigurationPlatforms) = postSolution
		{19CF398C-8AE6-4DFE-A8A2-252764752939}.Debug|Any CPU.ActiveCfg = Debug|Any CPU
		{19CF398C-8AE6-4DFE-A8A2-252764752939}.Debug|Any CPU.Build.0 = Debug|Any CPU
		{19CF398C-8AE6-4DFE-A8A2-252764752939}.Release|Any CPU.ActiveCfg = Release|Any CPU
		{19CF398C-8AE6-4DFE-A8A2-252764752939}.Release|Any CPU.Build.0 = Release|Any CPU
	EndGlobalSection
	GlobalSection(SolutionProperties) = preSolution
		HideSolutionNode = FALSE
	EndGlobalSection
	GlobalSection(ExtensibilityGlobals) = postSolution
		SolutionGuid = {98306728-A64E-4612-8140-8F3BCA68D4BC}
	EndGlobalSection
EndGlobal
